// !$*UTF8*$!
{
	archiveVersion = 1;
	classes = {
	};
	objectVersion = 46;
	objects = {

/* Begin PBXBuildFile section */
		6370F70F1CD7B2C9005DCC4B /* PrevISBNViewController.swift in Sources */ = {isa = PBXBuildFile; fileRef = 6370F70E1CD7B2C9005DCC4B /* PrevISBNViewController.swift */; };
		63B911D61CD268C800F34439 /* AppDelegate.swift in Sources */ = {isa = PBXBuildFile; fileRef = 63B911D51CD268C800F34439 /* AppDelegate.swift */; };
		63B911DB1CD268C800F34439 /* Main.storyboard in Resources */ = {isa = PBXBuildFile; fileRef = 63B911D91CD268C800F34439 /* Main.storyboard */; };
		63B911DE1CD268C800F34439 /* TVC.xcdatamodeld in Sources */ = {isa = PBXBuildFile; fileRef = 63B911DC1CD268C800F34439 /* TVC.xcdatamodeld */; };
		63B911E01CD268C800F34439 /* Assets.xcassets in Resources */ = {isa = PBXBuildFile; fileRef = 63B911DF1CD268C800F34439 /* Assets.xcassets */; };
		63B911E31CD268C800F34439 /* LaunchScreen.storyboard in Resources */ = {isa = PBXBuildFile; fileRef = 63B911E11CD268C800F34439 /* LaunchScreen.storyboard */; };
		63B911EB1CD2690000F34439 /* TVCTableViewController.swift in Sources */ = {isa = PBXBuildFile; fileRef = 63B911EA1CD2690000F34439 /* TVCTableViewController.swift */; };
		63B911ED1CD26D6F00F34439 /* ISBNViewController.swift in Sources */ = {isa = PBXBuildFile; fileRef = 63B911EC1CD26D6F00F34439 /* ISBNViewController.swift */; };
/* End PBXBuildFile section */

/* Begin PBXFileReference section */
		6370F70E1CD7B2C9005DCC4B /* PrevISBNViewController.swift */ = {isa = PBXFileReference; fileEncoding = 4; lastKnownFileType = sourcecode.swift; path = PrevISBNViewController.swift; sourceTree = "<group>"; };
		63B911D21CD268C600F34439 /* TVC.app */ = {isa = PBXFileReference; explicitFileType = wrapper.application; includeInIndex = 0; path = TVC.app; sourceTree = BUILT_PRODUCTS_DIR; };
		63B911D51CD268C800F34439 /* AppDelegate.swift */ = {isa = PBXFileReference; lastKnownFileType = sourcecode.swift; path = AppDelegate.swift; sourceTree = "<group>"; };
		63B911DA1CD268C800F34439 /* Base */ = {isa = PBXFileReference; lastKnownFileType = file.storyboard; name = Base; path = Base.lproj/Main.storyboard; sourceTree = "<group>"; };
		63B911DD1CD268C800F34439 /* TVC.xcdatamodel */ = {isa = PBXFileReference; lastKnownFileType = wrapper.xcdatamodel; path = TVC.xcdatamodel; sourceTree = "<group>"; };
		63B911DF1CD268C800F34439 /* Assets.xcassets */ = {isa = PBXFileReference; lastKnownFileType = folder.assetcatalog; path = Assets.xcassets; sourceTree = "<group>"; };
		63B911E21CD268C800F34439 /* Base */ = {isa = PBXFileReference; lastKnownFileType = file.storyboard; name = Base; path = Base.lproj/LaunchScreen.storyboard; sourceTree = "<group>"; };
		63B911E41CD268C800F34439 /* Info.plist */ = {isa = PBXFileReference; lastKnownFileType = text.plist.xml; path = Info.plist; sourceTree = "<group>"; };
		63B911EA1CD2690000F34439 /* TVCTableViewController.swift */ = {isa = PBXFileReference; fileEncoding = 4; lastKnownFileType = sourcecode.swift; path = TVCTableViewController.swift; sourceTree = "<group>"; };
		63B911EC1CD26D6F00F34439 /* ISBNViewController.swift */ = {isa = PBXFileReference; fileEncoding = 4; lastKnownFileType = sourcecode.swift; path = ISBNViewController.swift; sourceTree = "<group>"; };
/* End PBXFileReference section */

/* Begin PBXFrameworksBuildPhase section */
		63B911CF1CD268C600F34439 /* Frameworks */ = {
			isa = PBXFrameworksBuildPhase;
			buildActionMask = 2147483647;
			files = (
			);
			runOnlyForDeploymentPostprocessing = 0;
		};
/* End PBXFrameworksBuildPhase section */

/* Begin PBXGroup section */
		63B911C91CD268C500F34439 = {
			isa = PBXGroup;
			children = (
				63B911D41CD268C700F34439 /* TVC */,
				63B911D31CD268C600F34439 /* Products */,
			);
			sourceTree = "<group>";
		};
		63B911D31CD268C600F34439 /* Products */ = {
			isa = PBXGroup;
			children = (
				63B911D21CD268C600F34439 /* TVC.app */,
			);
			name = Products;
			sourceTree = "<group>";
		};
		63B911D41CD268C700F34439 /* TVC */ = {
			isa = PBXGroup;
			children = (
				63B911D51CD268C800F34439 /* AppDelegate.swift */,
				63B911D91CD268C800F34439 /* Main.storyboard */,
				63B911DF1CD268C800F34439 /* Assets.xcassets */,
				63B911E11CD268C800F34439 /* LaunchScreen.storyboard */,
				63B911E41CD268C800F34439 /* Info.plist */,
				63B911DC1CD268C800F34439 /* TVC.xcdatamodeld */,
				63B911EA1CD2690000F34439 /* TVCTableViewController.swift */,
				63B911EC1CD26D6F00F34439 /* ISBNViewController.swift */,
				6370F70E1CD7B2C9005DCC4B /* PrevISBNViewController.swift */,
			);
			path = TVC;
			sourceTree = "<group>";
		};
/* End PBXGroup section */

/* Begin PBXNativeTarget section */
		63B911D11CD268C600F34439 /* TVC */ = {
			isa = PBXNativeTarget;
			buildConfigurationList = 63B911E71CD268C800F34439 /* Build configuration list for PBXNativeTarget "TVC" */;
			buildPhases = (
				63B911CE1CD268C600F34439 /* Sources */,
				63B911CF1CD268C600F34439 /* Frameworks */,
				63B911D01CD268C600F34439 /* Resources */,
			);
			buildRules = (
			);
			dependencies = (
			);
			name = TVC;
			productName = TVC;
			productReference = 63B911D21CD268C600F34439 /* TVC.app */;
			productType = "com.apple.product-type.application";
		};
/* End PBXNativeTarget section */

/* Begin PBXProject section */
		63B911CA1CD268C600F34439 /* Project object */ = {
			isa = PBXProject;
			attributes = {
				LastSwiftUpdateCheck = 0730;
				LastUpgradeCheck = 0730;
				ORGANIZATIONNAME = "Miguel Benavente Valdés";
				TargetAttributes = {
					63B911D11CD268C600F34439 = {
						CreatedOnToolsVersion = 7.3;
						DevelopmentTeam = 93DCRRL9F7;
					};
				};
			};
			buildConfigurationList = 63B911CD1CD268C600F34439 /* Build configuration list for PBXProject "TVC" */;
			compatibilityVersion = "Xcode 3.2";
			developmentRegion = English;
			hasScannedForEncodings = 0;
			knownRegions = (
				en,
				Base,
			);
			mainGroup = 63B911C91CD268C500F34439;
			productRefGroup = 63B911D31CD268C600F34439 /* Products */;
			projectDirPath = "";
			projectRoot = "";
			targets = (
				63B911D11CD268C600F34439 /* TVC */,
			);
		};
/* End PBXProject section */

/* Begin PBXResourcesBuildPhase section */
		63B911D01CD268C600F34439 /* Resources */ = {
			isa = PBXResourcesBuildPhase;
			buildActionMask = 2147483647;
			files = (
				63B911E31CD268C800F34439 /* LaunchScreen.storyboard in Resources */,
				63B911E01CD268C800F34439 /* Assets.xcassets in Resources */,
				63B911DB1CD268C800F34439 /* Main.storyboard in Resources */,
			);
			runOnlyForDeploymentPostprocessing = 0;
		};
/* End PBXResourcesBuildPhase section */

/* Begin PBXSourcesBuildPhase section */
		63B911CE1CD268C600F34439 /* Sources */ = {
			isa = PBXSourcesBuildPhase;
			buildActionMask = 2147483647;
			files = (
				63B911DE1CD268C800F34439 /* TVC.xcdatamodeld in Sources */,
				63B911D61CD268C800F34439 /* AppDelegate.swift in Sources */,
				63B911ED1CD26D6F00F34439 /* ISBNViewController.swift in Sources */,
				6370F70F1CD7B2C9005DCC4B /* PrevISBNViewController.swift in Sources */,
				63B911EB1CD2690000F34439 /* TVCTableViewController.swift in Sources */,
			);
			runOnlyForDeploymentPostprocessing = 0;
		};
/* End PBXSourcesBuildPhase section */

/* Begin PBXVariantGroup section */
		63B911D91CD268C800F34439 /* Main.storyboard */ = {
			isa = PBXVariantGroup;
			children = (
				63B911DA1CD268C800F34439 /* Base */,
			);
			name = Main.storyboard;
			sourceTree = "<group>";
		};
		63B911E11CD268C800F34439 /* LaunchScreen.storyboard */ = {
			isa = PBXVariantGroup;
			children = (
				63B911E21CD268C800F34439 /* Base */,
			);
			name = LaunchScreen.storyboard;
			sourceTree = "<group>";
		};
/* End PBXVariantGroup section */

/* Begin XCBuildConfiguration section */
		63B911E51CD268C800F34439 /* Debug */ = {
			isa = XCBuildConfiguration;
			buildSettings = {
				ALWAYS_SEARCH_USER_PATHS = NO;
				CLANG_ANALYZER_NONNULL = YES;
				CLANG_CXX_LANGUAGE_STANDARD = "gnu++0x";
				CLANG_CXX_LIBRARY = "libc++";
				CLANG_ENABLE_MODULES = YES;
				CLANG_ENABLE_OBJC_ARC = YES;
				CLANG_WARN_BOOL_CONVERSION = YES;
				CLANG_WARN_CONSTANT_CONVERSION = YES;
				CLANG_WARN_DIRECT_OBJC_ISA_USAGE = YES_ERROR;
				CLANG_WARN_EMPTY_BODY = YES;
				CLANG_WARN_ENUM_CONVERSION = YES;
				CLANG_WARN_INT_CONVERSION = YES;
				CLANG_WARN_OBJC_ROOT_CLASS = YES_ERROR;
				CLANG_WARN_UNREACHABLE_CODE = YES;
				CLANG_WARN__DUPLICATE_METHOD_MATCH = YES;
				"CODE_SIGN_IDENTITY[sdk=iphoneos*]" = "iPhone Developer";
				COPY_PHASE_STRIP = NO;
				DEBUG_INFORMATION_FORMAT = dwarf;
				ENABLE_STRICT_OBJC_MSGSEND = YES;
				ENABLE_TESTABILITY = YES;
				GCC_C_LANGUAGE_STANDARD = gnu99;
				GCC_DYNAMIC_NO_PIC = NO;
				GCC_NO_COMMON_BLOCKS = YES;
				GCC_OPTIMIZATION_LEVEL = 0;
				GCC_PREPROCESSOR_DEFINITIONS = (
					"DEBUG=1",
					"$(inherited)",
				);
				GCC_WARN_64_TO_32_BIT_CONVERSION = YES;
				GCC_WARN_ABOUT_RETURN_TYPE = YES_ERROR;
				GCC_WARN_UNDECLARED_SELECTOR = YES;
				GCC_WARN_UNINITIALIZED_AUTOS = YES_AGGRESSIVE;
				GCC_WARN_UNUSED_FUNCTION = YES;
				GCC_WARN_UNUSED_VARIABLE = YES;
				IPHONEOS_DEPLOYMENT_TARGET = 9.3;
				MTL_ENABLE_DEBUG_INFO = YES;
				ONLY_ACTIVE_ARCH = YES;
				SDKROOT = iphoneos;
				SWIFT_OPTIMIZATION_LEVEL = "-Onone";
			};
			name = Debug;
		};
		63B911E61CD268C800F34439 /* Release */ = {
			isa = XCBuildConfiguration;
			buildSettings = {
				ALWAYS_SEARCH_USER_PATHS = NO;
				CLANG_ANALYZER_NONNULL = YES;
				CLANG_CXX_LANGUAGE_STANDARD = "gnu++0x";
				CLANG_CXX_LIBRARY = "libc++";
				CLANG_ENABLE_MODULES = YES;
				CLANG_ENABLE_OBJC_ARC = YES;
				CLANG_WARN_BOOL_CONVERSION = YES;
				CLANG_WARN_CONSTANT_CONVERSION = YES;
				CLANG_WARN_DIRECT_OBJC_ISA_USAGE = YES_ERROR;
				CLANG_WARN_EMPTY_BODY = YES;
				CLANG_WARN_ENUM_CONVERSION = YES;
				CLANG_WARN_INT_CONVERSION = YES;
				CLANG_WARN_OBJC_ROOT_CLASS = YES_ERROR;
				CLANG_WARN_UNREACHABLE_CODE = YES;
				CLANG_WARN__DUPLICATE_METHOD_MATCH = YES;
				"CODE_SIGN_IDENTITY[sdk=iphoneos*]" = "iPhone Developer";
				COPY_PHASE_STRIP = NO;
				DEBUG_INFORMATION_FORMAT = "dwarf-with-dsym";
				ENABLE_NS_ASSERTIONS = NO;
				ENABLE_STRICT_OBJC_MSGSEND = YES;
				GCC_C_LANGUAGE_STANDARD = gnu99;
				GCC_NO_COMMON_BLOCKS = YES;
				GCC_WARN_64_TO_32_BIT_CONVERSION = YES;
				GCC_WARN_ABOUT_RETURN_TYPE = YES_ERROR;
				GCC_WARN_UNDECLARED_SELECTOR = YES;
				GCC_WARN_UNINITIALIZED_AUTOS = YES_AGGRESSIVE;
				GCC_WARN_UNUSED_FUNCTION = YES;
				GCC_WARN_UNUSED_VARIABLE = YES;
				IPHONEOS_DEPLOYMENT_TARGET = 9.3;
				MTL_ENABLE_DEBUG_INFO = NO;
				SDKROOT = iphoneos;
				VALIDATE_PRODUCT = YES;
			};
			name = Release;
		};
		63B911E81CD268C800F34439 /* Debug */ = {
			isa = XCBuildConfiguration;
			buildSettings = {
				ASSETCATALOG_COMPILER_APPICON_NAME = AppIcon;
				INFOPLIST_FILE = TVC/Info.plist;
				LD_RUNPATH_SEARCH_PATHS = "$(inherited) @executable_path/Frameworks";
				PRODUCT_BUNDLE_IDENTIFIER = mbenaventev.TVC;
				PRODUCT_NAME = "$(TARGET_NAME)";
			};
			name = Debug;
		};
		63B911E91CD268C800F34439 /* Release */ = {
			isa = XCBuildConfiguration;
			buildSettings = {
				ASSETCATALOG_COMPILER_APPICON_NAME = AppIcon;
				INFOPLIST_FILE = TVC/Info.plist;
				LD_RUNPATH_SEARCH_PATHS = "$(inherited) @executable_path/Frameworks";
				PRODUCT_BUNDLE_IDENTIFIER = mbenaventev.TVC;
				PRODUCT_NAME = "$(TARGET_NAME)";
			};
			name = Release;
		};
/* End XCBuildConfiguration section */

/* Begin XCConfigurationList section */
		63B911CD1CD268C600F34439 /* Build configuration list for PBXProject "TVC" */ = {
			isa = XCConfigurationList;
			buildConfigurations = (
				63B911E51CD268C800F34439 /* Debug */,
				63B911E61CD268C800F34439 /* Release */,
			);
			defaultConfigurationIsVisible = 0;
			defaultConfigurationName = Release;
		};
		63B911E71CD268C800F34439 /* Build configuration list for PBXNativeTarget "TVC" */ = {
			isa = XCConfigurationList;
			buildConfigurations = (
				63B911E81CD268C800F34439 /* Debug */,
				63B911E91CD268C800F34439 /* Release */,
			);
			defaultConfigurationIsVisible = 0;
			defaultConfigurationName = Release;
		};
/* End XCConfigurationList section */

/* Begin XCVersionGroup section */
		63B911DC1CD268C800F34439 /* TVC.xcdatamodeld */ = {
			isa = XCVersionGroup;
			children = (
				63B911DD1CD268C800F34439 /* TVC.xcdatamodel */,
			);
			currentVersion = 63B911DD1CD268C800F34439 /* TVC.xcdatamodel */;
			path = TVC.xcdatamodeld;
			sourceTree = "<group>";
			versionGroupType = wrapper.xcdatamodel;
		};
/* End XCVersionGroup section */
	};
	rootObject = 63B911CA1CD268C600F34439 /* Project object */;
}
